// !$*UTF8*$!
{
	archiveVersion = 1;
	classes = {
	};
	objectVersion = 77;
	objects = {

/* Begin PBXContainerItemProxy section */
		B4C404662EC4D7F200CF8EB3 /* PBXContainerItemProxy */ = {
			isa = PBXContainerItemProxy;
			containerPortal = B4C4044E2EC4D7F000CF8EB3 /* Project object */;
			proxyType = 1;
			remoteGlobalIDString = B4C404552EC4D7F000CF8EB3;
			remoteInfo = "Smart-Surf-iOS";
		};
		B4C404702EC4D7F200CF8EB3 /* PBXContainerItemProxy */ = {
			isa = PBXContainerItemProxy;
			containerPortal = B4C4044E2EC4D7F000CF8EB3 /* Project object */;
			proxyType = 1;
			remoteGlobalIDString = B4C404552EC4D7F000CF8EB3;
			remoteInfo = "Smart-Surf-iOS";
		};
/* End PBXContainerItemProxy section */

/* Begin PBXFileReference section */
		B4C404562EC4D7F000CF8EB3 /* Smart-Surf-iOS.app */ = {isa = PBXFileReference; explicitFileType = wrapper.application; includeInIndex = 0; path = "Smart-Surf-iOS.app"; sourceTree = BUILT_PRODUCTS_DIR; };
		B4C404652EC4D7F200CF8EB3 /* Smart-Surf-iOSTests.xctest */ = {isa = PBXFileReference; explicitFileType = wrapper.cfbundle; includeInIndex = 0; path = "Smart-Surf-iOSTests.xctest"; sourceTree = BUILT_PRODUCTS_DIR; };
		B4C4046F2EC4D7F200CF8EB3 /* Smart-Surf-iOSUITests.xctest */ = {isa = PBXFileReference; explicitFileType = wrapper.cfbundle; includeInIndex = 0; path = "Smart-Surf-iOSUITests.xctest"; sourceTree = BUILT_PRODUCTS_DIR; };
/* End PBXFileReference section */

/* Begin PBXFileSystemSynchronizedRootGroup section */
		B4C404582EC4D7F000CF8EB3 /* Smart-Surf-iOS */ = {
			isa = PBXFileSystemSynchronizedRootGroup;
			path = "Smart-Surf-iOS";
			sourceTree = "<group>";
		};
		B4C404682EC4D7F200CF8EB3 /* Smart-Surf-iOSTests */ = {
			isa = PBXFileSystemSynchronizedRootGroup;
			path = "Smart-Surf-iOSTests";
			sourceTree = "<group>";
		};
		B4C404722EC4D7F200CF8EB3 /* Smart-Surf-iOSUITests */ = {
			isa = PBXFileSystemSynchronizedRootGroup;
			path = "Smart-Surf-iOSUITests";
			sourceTree = "<group>";
		};
/* End PBXFileSystemSynchronizedRootGroup section */

/* Begin PBXFrameworksBuildPhase section */
		B4C404532EC4D7F000CF8EB3 /* Frameworks */ = {
			isa = PBXFrameworksBuildPhase;
			buildActionMask = 2147483647;
			files = (
			);
			runOnlyForDeploymentPostprocessing = 0;
		};
		B4C404622EC4D7F200CF8EB3 /* Frameworks */ = {
			isa = PBXFrameworksBuildPhase;
			buildActionMask = 2147483647;
			files = (
			);
			runOnlyForDeploymentPostprocessing = 0;
		};
		B4C4046C2EC4D7F200CF8EB3 /* Frameworks */ = {
			isa = PBXFrameworksBuildPhase;
			buildActionMask = 2147483647;
			files = (
			);
			runOnlyForDeploymentPostprocessing = 0;
		};
/* End PBXFrameworksBuildPhase section */

/* Begin PBXGroup section */
		B4C4044D2EC4D7F000CF8EB3 = {
			isa = PBXGroup;
			children = (
				B4C404582EC4D7F000CF8EB3 /* Smart-Surf-iOS */,
				B4C404682EC4D7F200CF8EB3 /* Smart-Surf-iOSTests */,
				B4C404722EC4D7F200CF8EB3 /* Smart-Surf-iOSUITests */,
				B4C404572EC4D7F000CF8EB3 /* Products */,
			);
			sourceTree = "<group>";
		};
		B4C404572EC4D7F000CF8EB3 /* Products */ = {
			isa = PBXGroup;
			children = (
				B4C404562EC4D7F000CF8EB3 /* Smart-Surf-iOS.app */,
				B4C404652EC4D7F200CF8EB3 /* Smart-Surf-iOSTests.xctest */,
				B4C4046F2EC4D7F200CF8EB3 /* Smart-Surf-iOSUITests.xctest */,
			);
			name = Products;
			sourceTree = "<group>";
		};
/* End PBXGroup section */

/* Begin PBXNativeTarget section */
		B4C404552EC4D7F000CF8EB3 /* Smart-Surf-iOS */ = {
			isa = PBXNativeTarget;
			buildConfigurationList = B4C404792EC4D7F200CF8EB3 /* Build configuration list for PBXNativeTarget "Smart-Surf-iOS" */;
			buildPhases = (
				B4C404522EC4D7F000CF8EB3 /* Sources */,
				B4C404532EC4D7F000CF8EB3 /* Frameworks */,
				B4C404542EC4D7F000CF8EB3 /* Resources */,
			);
			buildRules = (
			);
			dependencies = (
			);
			fileSystemSynchronizedGroups = (
				B4C404582EC4D7F000CF8EB3 /* Smart-Surf-iOS */,
			);
			name = "Smart-Surf-iOS";
			packageProductDependencies = (
			);
			productName = "Smart-Surf-iOS";
			productReference = B4C404562EC4D7F000CF8EB3 /* Smart-Surf-iOS.app */;
			productType = "com.apple.product-type.application";
		};
		B4C404642EC4D7F200CF8EB3 /* Smart-Surf-iOSTests */ = {
			isa = PBXNativeTarget;
			buildConfigurationList = B4C4047C2EC4D7F200CF8EB3 /* Build configuration list for PBXNativeTarget "Smart-Surf-iOSTests" */;
			buildPhases = (
				B4C404612EC4D7F200CF8EB3 /* Sources */,
				B4C404622EC4D7F200CF8EB3 /* Frameworks */,
				B4C404632EC4D7F200CF8EB3 /* Resources */,
			);
			buildRules = (
			);
			dependencies = (
				B4C404672EC4D7F200CF8EB3 /* PBXTargetDependency */,
			);
			fileSystemSynchronizedGroups = (
				B4C404682EC4D7F200CF8EB3 /* Smart-Surf-iOSTests */,
			);
			name = "Smart-Surf-iOSTests";
			packageProductDependencies = (
			);
			productName = "Smart-Surf-iOSTests";
			productReference = B4C404652EC4D7F200CF8EB3 /* Smart-Surf-iOSTests.xctest */;
			productType = "com.apple.product-type.bundle.unit-test";
		};
		B4C4046E2EC4D7F200CF8EB3 /* Smart-Surf-iOSUITests */ = {
			isa = PBXNativeTarget;
			buildConfigurationList = B4C4047F2EC4D7F200CF8EB3 /* Build configuration list for PBXNativeTarget "Smart-Surf-iOSUITests" */;
			buildPhases = (
				B4C4046B2EC4D7F200CF8EB3 /* Sources */,
				B4C4046C2EC4D7F200CF8EB3 /* Frameworks */,
				B4C4046D2EC4D7F200CF8EB3 /* Resources */,
			);
			buildRules = (
			);
			dependencies = (
				B4C404712EC4D7F200CF8EB3 /* PBXTargetDependency */,
			);
			fileSystemSynchronizedGroups = (
				B4C404722EC4D7F200CF8EB3 /* Smart-Surf-iOSUITests */,
			);
			name = "Smart-Surf-iOSUITests";
			packageProductDependencies = (
			);
			productName = "Smart-Surf-iOSUITests";
			productReference = B4C4046F2EC4D7F200CF8EB3 /* Smart-Surf-iOSUITests.xctest */;
			productType = "com.apple.product-type.bundle.ui-testing";
		};
/* End PBXNativeTarget section */

/* Begin PBXProject section */
		B4C4044E2EC4D7F000CF8EB3 /* Project object */ = {
			isa = PBXProject;
			attributes = {
				BuildIndependentTargetsInParallel = 1;
				LastSwiftUpdateCheck = 2600;
				LastUpgradeCheck = 2600;
				TargetAttributes = {
					B4C404552EC4D7F000CF8EB3 = {
						CreatedOnToolsVersion = 26.0;
					};
					B4C404642EC4D7F200CF8EB3 = {
						CreatedOnToolsVersion = 26.0;
						TestTargetID = B4C404552EC4D7F000CF8EB3;
					};
					B4C4046E2EC4D7F200CF8EB3 = {
						CreatedOnToolsVersion = 26.0;
						TestTargetID = B4C404552EC4D7F000CF8EB3;
					};
				};
			};
			buildConfigurationList = B4C404512EC4D7F000CF8EB3 /* Build configuration list for PBXProject "Smart-Surf-iOS" */;
			developmentRegion = en;
			hasScannedForEncodings = 0;
			knownRegions = (
				en,
				Base,
			);
			mainGroup = B4C4044D2EC4D7F000CF8EB3;
			minimizedProjectReferenceProxies = 1;
			preferredProjectObjectVersion = 77;
			productRefGroup = B4C404572EC4D7F000CF8EB3 /* Products */;
			projectDirPath = "";
			projectRoot = "";
			targets = (
				B4C404552EC4D7F000CF8EB3 /* Smart-Surf-iOS */,
				B4C404642EC4D7F200CF8EB3 /* Smart-Surf-iOSTests */,
				B4C4046E2EC4D7F200CF8EB3 /* Smart-Surf-iOSUITests */,
			);
		};
/* End PBXProject section */

/* Begin PBXResourcesBuildPhase section */
		B4C404542EC4D7F000CF8EB3 /* Resources */ = {
			isa = PBXResourcesBuildPhase;
			buildActionMask = 2147483647;
			files = (
			);
			runOnlyForDeploymentPostprocessing = 0;
		};
		B4C404632EC4D7F200CF8EB3 /* Resources */ = {
			isa = PBXResourcesBuildPhase;
			buildActionMask = 2147483647;
			files = (
			);
			runOnlyForDeploymentPostprocessing = 0;
		};
		B4C4046D2EC4D7F200CF8EB3 /* Resources */ = {
			isa = PBXResourcesBuildPhase;
			buildActionMask = 2147483647;
			files = (
			);
			runOnlyForDeploymentPostprocessing = 0;
		};
/* End PBXResourcesBuildPhase section */

/* Begin PBXSourcesBuildPhase section */
		B4C404522EC4D7F000CF8EB3 /* Sources */ = {
			isa = PBXSourcesBuildPhase;
			buildActionMask = 2147483647;
			files = (
			);
			runOnlyForDeploymentPostprocessing = 0;
		};
		B4C404612EC4D7F200CF8EB3 /* Sources */ = {
			isa = PBXSourcesBuildPhase;
			buildActionMask = 2147483647;
			files = (
			);
			runOnlyForDeploymentPostprocessing = 0;
		};
		B4C4046B2EC4D7F200CF8EB3 /* Sources */ = {
			isa = PBXSourcesBuildPhase;
			buildActionMask = 2147483647;
			files = (
			);
			runOnlyForDeploymentPostprocessing = 0;
		};
/* End PBXSourcesBuildPhase section */

/* Begin PBXTargetDependency section */
		B4C404672EC4D7F200CF8EB3 /* PBXTargetDependency */ = {
			isa = PBXTargetDependency;
			target = B4C404552EC4D7F000CF8EB3 /* Smart-Surf-iOS */;
			targetProxy = B4C404662EC4D7F200CF8EB3 /* PBXContainerItemProxy */;
		};
		B4C404712EC4D7F200CF8EB3 /* PBXTargetDependency */ = {
			isa = PBXTargetDependency;
			target = B4C404552EC4D7F000CF8EB3 /* Smart-Surf-iOS */;
			targetProxy = B4C404702EC4D7F200CF8EB3 /* PBXContainerItemProxy */;
		};
/* End PBXTargetDependency section */

/* Begin XCBuildConfiguration section */
		B4C404772EC4D7F200CF8EB3 /* Debug */ = {
			isa = XCBuildConfiguration;
			buildSettings = {
				ALWAYS_SEARCH_USER_PATHS = NO;
				ASSETCATALOG_COMPILER_GENERATE_SWIFT_ASSET_SYMBOL_EXTENSIONS = YES;
				CLANG_ANALYZER_NONNULL = YES;
				CLANG_ANALYZER_NUMBER_OBJECT_CONVERSION = YES_AGGRESSIVE;
				CLANG_CXX_LANGUAGE_STANDARD = "gnu++20";
				CLANG_ENABLE_MODULES = YES;
				CLANG_ENABLE_OBJC_ARC = YES;
				CLANG_ENABLE_OBJC_WEAK = YES;
				CLANG_WARN_BLOCK_CAPTURE_AUTORELEASING = YES;
				CLANG_WARN_BOOL_CONVERSION = YES;
				CLANG_WARN_COMMA = YES;
				CLANG_WARN_CONSTANT_CONVERSION = YES;
				CLANG_WARN_DEPRECATED_OBJC_IMPLEMENTATIONS = YES;
				CLANG_WARN_DIRECT_OBJC_ISA_USAGE = YES_ERROR;
				CLANG_WARN_DOCUMENTATION_COMMENTS = YES;
				CLANG_WARN_EMPTY_BODY = YES;
				CLANG_WARN_ENUM_CONVERSION = YES;
				CLANG_WARN_INFINITE_RECURSION = YES;
				CLANG_WARN_INT_CONVERSION = YES;
				CLANG_WARN_NON_LITERAL_NULL_CONVERSION = YES;
				CLANG_WARN_OBJC_IMPLICIT_RETAIN_SELF = YES;
				CLANG_WARN_OBJC_LITERAL_CONVERSION = YES;
				CLANG_WARN_OBJC_ROOT_CLASS = YES_ERROR;
				CLANG_WARN_QUOTED_INCLUDE_IN_FRAMEWORK_HEADER = YES;
				CLANG_WARN_RANGE_LOOP_ANALYSIS = YES;
				CLANG_WARN_STRICT_PROTOTYPES = YES;
				CLANG_WARN_SUSPICIOUS_MOVE = YES;
				CLANG_WARN_UNGUARDED_AVAILABILITY = YES_AGGRESSIVE;
				CLANG_WARN_UNREACHABLE_CODE = YES;
				CLANG_WARN__DUPLICATE_METHOD_MATCH = YES;
				COPY_PHASE_STRIP = NO;
				DEBUG_INFORMATION_FORMAT = dwarf;
				DEVELOPMENT_TEAM = 7AR93R268X;
				ENABLE_STRICT_OBJC_MSGSEND = YES;
				ENABLE_TESTABILITY = YES;
				ENABLE_USER_SCRIPT_SANDBOXING = YES;
				GCC_C_LANGUAGE_STANDARD = gnu17;
				GCC_DYNAMIC_NO_PIC = NO;
				GCC_NO_COMMON_BLOCKS = YES;
				GCC_OPTIMIZATION_LEVEL = 0;
				GCC_PREPROCESSOR_DEFINITIONS = (
					"DEBUG=1",
					"$(inherited)",
				);
				GCC_WARN_64_TO_32_BIT_CONVERSION = YES;
				GCC_WARN_ABOUT_RETURN_TYPE = YES_ERROR;
				GCC_WARN_UNDECLARED_SELECTOR = YES;
				GCC_WARN_UNINITIALIZED_AUTOS = YES_AGGRESSIVE;
				GCC_WARN_UNUSED_FUNCTION = YES;
				GCC_WARN_UNUSED_VARIABLE = YES;
				IPHONEOS_DEPLOYMENT_TARGET = 26.0;
				LOCALIZATION_PREFERS_STRING_CATALOGS = YES;
				MTL_ENABLE_DEBUG_INFO = INCLUDE_SOURCE;
				MTL_FAST_MATH = YES;
				ONLY_ACTIVE_ARCH = YES;
				SDKROOT = iphoneos;
				SWIFT_ACTIVE_COMPILATION_CONDITIONS = "DEBUG $(inherited)";
				SWIFT_OPTIMIZATION_LEVEL = "-Onone";
			};
			name = Debug;
		};
		B4C404782EC4D7F200CF8EB3 /* Release */ = {
			isa = XCBuildConfiguration;
			buildSettings = {
				ALWAYS_SEARCH_USER_PATHS = NO;
				ASSETCATALOG_COMPILER_GENERATE_SWIFT_ASSET_SYMBOL_EXTENSIONS = YES;
				CLANG_ANALYZER_NONNULL = YES;
				CLANG_ANALYZER_NUMBER_OBJECT_CONVERSION = YES_AGGRESSIVE;
				CLANG_CXX_LANGUAGE_STANDARD = "gnu++20";
				CLANG_ENABLE_MODULES = YES;
				CLANG_ENABLE_OBJC_ARC = YES;
				CLANG_ENABLE_OBJC_WEAK = YES;
				CLANG_WARN_BLOCK_CAPTURE_AUTORELEASING = YES;
				CLANG_WARN_BOOL_CONVERSION = YES;
				CLANG_WARN_COMMA = YES;
				CLANG_WARN_CONSTANT_CONVERSION = YES;
				CLANG_WARN_DEPRECATED_OBJC_IMPLEMENTATIONS = YES;
				CLANG_WARN_DIRECT_OBJC_ISA_USAGE = YES_ERROR;
				CLANG_WARN_DOCUMENTATION_COMMENTS = YES;
				CLANG_WARN_EMPTY_BODY = YES;
				CLANG_WARN_ENUM_CONVERSION = YES;
				CLANG_WARN_INFINITE_RECURSION = YES;
				CLANG_WARN_INT_CONVERSION = YES;
				CLANG_WARN_NON_LITERAL_NULL_CONVERSION = YES;
				CLANG_WARN_OBJC_IMPLICIT_RETAIN_SELF = YES;
				CLANG_WARN_OBJC_LITERAL_CONVERSION = YES;
				CLANG_WARN_OBJC_ROOT_CLASS = YES_ERROR;
				CLANG_WARN_QUOTED_INCLUDE_IN_FRAMEWORK_HEADER = YES;
				CLANG_WARN_RANGE_LOOP_ANALYSIS = YES;
				CLANG_WARN_STRICT_PROTOTYPES = YES;
				CLANG_WARN_SUSPICIOUS_MOVE = YES;
				CLANG_WARN_UNGUARDED_AVAILABILITY = YES_AGGRESSIVE;
				CLANG_WARN_UNREACHABLE_CODE = YES;
				CLANG_WARN__DUPLICATE_METHOD_MATCH = YES;
				COPY_PHASE_STRIP = NO;
				DEBUG_INFORMATION_FORMAT = "dwarf-with-dsym";
				DEVELOPMENT_TEAM = 7AR93R268X;
				ENABLE_NS_ASSERTIONS = NO;
				ENABLE_STRICT_OBJC_MSGSEND = YES;
				ENABLE_USER_SCRIPT_SANDBOXING = YES;
				GCC_C_LANGUAGE_STANDARD = gnu17;
				GCC_NO_COMMON_BLOCKS = YES;
				GCC_WARN_64_TO_32_BIT_CONVERSION = YES;
				GCC_WARN_ABOUT_RETURN_TYPE = YES_ERROR;
				GCC_WARN_UNDECLARED_SELECTOR = YES;
				GCC_WARN_UNINITIALIZED_AUTOS = YES_AGGRESSIVE;
				GCC_WARN_UNUSED_FUNCTION = YES;
				GCC_WARN_UNUSED_VARIABLE = YES;
				IPHONEOS_DEPLOYMENT_TARGET = 26.0;
				LOCALIZATION_PREFERS_STRING_CATALOGS = YES;
				MTL_ENABLE_DEBUG_INFO = NO;
				MTL_FAST_MATH = YES;
				SDKROOT = iphoneos;
				SWIFT_COMPILATION_MODE = wholemodule;
				VALIDATE_PRODUCT = YES;
			};
			name = Release;
		};
		B4C4047A2EC4D7F200CF8EB3 /* Debug */ = {
			isa = XCBuildConfiguration;
			buildSettings = {
				ASSETCATALOG_COMPILER_APPICON_NAME = AppIcon;
				ASSETCATALOG_COMPILER_GLOBAL_ACCENT_COLOR_NAME = AccentColor;
				CODE_SIGN_STYLE = Automatic;
				CURRENT_PROJECT_VERSION = 1;
				DEVELOPMENT_TEAM = 7AR93R268X;
				ENABLE_PREVIEWS = YES;
				GENERATE_INFOPLIST_FILE = YES;
				INFOPLIST_KEY_UIApplicationSceneManifest_Generation = YES;
				INFOPLIST_KEY_UIApplicationSupportsIndirectInputEvents = YES;
				INFOPLIST_KEY_UILaunchScreen_Generation = YES;
				INFOPLIST_KEY_UISupportedInterfaceOrientations_iPad = "UIInterfaceOrientationPortrait UIInterfaceOrientationPortraitUpsideDown UIInterfaceOrientationLandscapeLeft UIInterfaceOrientationLandscapeRight";
				INFOPLIST_KEY_UISupportedInterfaceOrientations_iPhone = "UIInterfaceOrientationPortrait UIInterfaceOrientationLandscapeLeft UIInterfaceOrientationLandscapeRight";
				IPHONEOS_DEPLOYMENT_TARGET = 18.6;
				LD_RUNPATH_SEARCH_PATHS = (
					"$(inherited)",
					"@executable_path/Frameworks",
				);
				MARKETING_VERSION = 1.0;
				PRODUCT_BUNDLE_IDENTIFIER = "BRPM.Smart-Surf-iOS";
				PRODUCT_NAME = "$(TARGET_NAME)";
				STRING_CATALOG_GENERATE_SYMBOLS = YES;
				SUPPORTED_PLATFORMS = "iphoneos iphonesimulator";
				SUPPORTS_MACCATALYST = NO;
				SUPPORTS_MAC_DESIGNED_FOR_IPHONE_IPAD = NO;
				SUPPORTS_XR_DESIGNED_FOR_IPHONE_IPAD = NO;
				SWIFT_APPROACHABLE_CONCURRENCY = YES;
				SWIFT_DEFAULT_ACTOR_ISOLATION = MainActor;
				SWIFT_EMIT_LOC_STRINGS = YES;
				SWIFT_UPCOMING_FEATURE_MEMBER_IMPORT_VISIBILITY = YES;
				SWIFT_VERSION = 5.0;
				TARGETED_DEVICE_FAMILY = "1,2";
			};
			name = Debug;
		};
		B4C4047B2EC4D7F200CF8EB3 /* Release */ = {
			isa = XCBuildConfiguration;
			buildSettings = {
				ASSETCATALOG_COMPILER_APPICON_NAME = AppIcon;
				ASSETCATALOG_COMPILER_GLOBAL_ACCENT_COLOR_NAME = AccentColor;
				CODE_SIGN_STYLE = Automatic;
				CURRENT_PROJECT_VERSION = 1;
				DEVELOPMENT_TEAM = 7AR93R268X;
				ENABLE_PREVIEWS = YES;
				GENERATE_INFOPLIST_FILE = YES;
				INFOPLIST_KEY_UIApplicationSceneManifest_Generation = YES;
				INFOPLIST_KEY_UIApplicationSupportsIndirectInputEvents = YES;
				INFOPLIST_KEY_UILaunchScreen_Generation = YES;
				INFOPLIST_KEY_UISupportedInterfaceOrientations_iPad = "UIInterfaceOrientationPortrait UIInterfaceOrientationPortraitUpsideDown UIInterfaceOrientationLandscapeLeft UIInterfaceOrientationLandscapeRight";
				INFOPLIST_KEY_UISupportedInterfaceOrientations_iPhone = "UIInterfaceOrientationPortrait UIInterfaceOrientationLandscapeLeft UIInterfaceOrientationLandscapeRight";
				IPHONEOS_DEPLOYMENT_TARGET = 18.6;
				LD_RUNPATH_SEARCH_PATHS = (
					"$(inherited)",
					"@executable_path/Frameworks",
				);
				MARKETING_VERSION = 1.0;
				PRODUCT_BUNDLE_IDENTIFIER = "BRPM.Smart-Surf-iOS";
				PRODUCT_NAME = "$(TARGET_NAME)";
				STRING_CATALOG_GENERATE_SYMBOLS = YES;
				SUPPORTED_PLATFORMS = "iphoneos iphonesimulator";
				SUPPORTS_MACCATALYST = NO;
				SUPPORTS_MAC_DESIGNED_FOR_IPHONE_IPAD = NO;
				SUPPORTS_XR_DESIGNED_FOR_IPHONE_IPAD = NO;
				SWIFT_APPROACHABLE_CONCURRENCY = YES;
				SWIFT_DEFAULT_ACTOR_ISOLATION = MainActor;
				SWIFT_EMIT_LOC_STRINGS = YES;
				SWIFT_UPCOMING_FEATURE_MEMBER_IMPORT_VISIBILITY = YES;
				SWIFT_VERSION = 5.0;
				TARGETED_DEVICE_FAMILY = "1,2";
			};
			name = Release;
		};
		B4C4047D2EC4D7F200CF8EB3 /* Debug */ = {
			isa = XCBuildConfiguration;
			buildSettings = {
				BUNDLE_LOADER = "$(TEST_HOST)";
				CODE_SIGN_STYLE = Automatic;
				CURRENT_PROJECT_VERSION = 1;
				DEVELOPMENT_TEAM = 7AR93R268X;
				GENERATE_INFOPLIST_FILE = YES;
				IPHONEOS_DEPLOYMENT_TARGET = 26.0;
				MARKETING_VERSION = 1.0;
				PRODUCT_BUNDLE_IDENTIFIER = "BRPM.Smart-Surf-iOSTests";
				PRODUCT_NAME = "$(TARGET_NAME)";
				STRING_CATALOG_GENERATE_SYMBOLS = NO;
				SWIFT_APPROACHABLE_CONCURRENCY = YES;
				SWIFT_EMIT_LOC_STRINGS = NO;
				SWIFT_UPCOMING_FEATURE_MEMBER_IMPORT_VISIBILITY = YES;
				SWIFT_VERSION = 5.0;
				TARGETED_DEVICE_FAMILY = "1,2";
				TEST_HOST = "$(BUILT_PRODUCTS_DIR)/Smart-Surf-iOS.app/$(BUNDLE_EXECUTABLE_FOLDER_PATH)/Smart-Surf-iOS";
			};
			name = Debug;
		};
		B4C4047E2EC4D7F200CF8EB3 /* Release */ = {
			isa = XCBuildConfiguration;
			buildSettings = {
				BUNDLE_LOADER = "$(TEST_HOST)";
				CODE_SIGN_STYLE = Automatic;
				CURRENT_PROJECT_VERSION = 1;
				DEVELOPMENT_TEAM = 7AR93R268X;
				GENERATE_INFOPLIST_FILE = YES;
				IPHONEOS_DEPLOYMENT_TARGET = 26.0;
				MARKETING_VERSION = 1.0;
				PRODUCT_BUNDLE_IDENTIFIER = "BRPM.Smart-Surf-iOSTests";
				PRODUCT_NAME = "$(TARGET_NAME)";
				STRING_CATALOG_GENERATE_SYMBOLS = NO;
				SWIFT_APPROACHABLE_CONCURRENCY = YES;
				SWIFT_EMIT_LOC_STRINGS = NO;
				SWIFT_UPCOMING_FEATURE_MEMBER_IMPORT_VISIBILITY = YES;
				SWIFT_VERSION = 5.0;
				TARGETED_DEVICE_FAMILY = "1,2";
				TEST_HOST = "$(BUILT_PRODUCTS_DIR)/Smart-Surf-iOS.app/$(BUNDLE_EXECUTABLE_FOLDER_PATH)/Smart-Surf-iOS";
			};
			name = Release;
		};
		B4C404802EC4D7F200CF8EB3 /* Debug */ = {
			isa = XCBuildConfiguration;
			buildSettings = {
				CODE_SIGN_STYLE = Automatic;
				CURRENT_PROJECT_VERSION = 1;
				DEVELOPMENT_TEAM = 7AR93R268X;
				GENERATE_INFOPLIST_FILE = YES;
				MARKETING_VERSION = 1.0;
				PRODUCT_BUNDLE_IDENTIFIER = "BRPM.Smart-Surf-iOSUITests";
				PRODUCT_NAME = "$(TARGET_NAME)";
				STRING_CATALOG_GENERATE_SYMBOLS = NO;
				SWIFT_APPROACHABLE_CONCURRENCY = YES;
				SWIFT_EMIT_LOC_STRINGS = NO;
				SWIFT_UPCOMING_FEATURE_MEMBER_IMPORT_VISIBILITY = YES;
				SWIFT_VERSION = 5.0;
				TARGETED_DEVICE_FAMILY = "1,2";
				TEST_TARGET_NAME = "Smart-Surf-iOS";
			};
			name = Debug;
		};
		B4C404812EC4D7F200CF8EB3 /* Release */ = {
			isa = XCBuildConfiguration;
			buildSettings = {
				CODE_SIGN_STYLE = Automatic;
				CURRENT_PROJECT_VERSION = 1;
				DEVELOPMENT_TEAM = 7AR93R268X;
				GENERATE_INFOPLIST_FILE = YES;
				MARKETING_VERSION = 1.0;
				PRODUCT_BUNDLE_IDENTIFIER = "BRPM.Smart-Surf-iOSUITests";
				PRODUCT_NAME = "$(TARGET_NAME)";
				STRING_CATALOG_GENERATE_SYMBOLS = NO;
				SWIFT_APPROACHABLE_CONCURRENCY = YES;
				SWIFT_EMIT_LOC_STRINGS = NO;
				SWIFT_UPCOMING_FEATURE_MEMBER_IMPORT_VISIBILITY = YES;
				SWIFT_VERSION = 5.0;
				TARGETED_DEVICE_FAMILY = "1,2";
				TEST_TARGET_NAME = "Smart-Surf-iOS";
			};
			name = Release;
		};
/* End XCBuildConfiguration section */

/* Begin XCConfigurationList section */
		B4C404512EC4D7F000CF8EB3 /* Build configuration list for PBXProject "Smart-Surf-iOS" */ = {
			isa = XCConfigurationList;
			buildConfigurations = (
				B4C404772EC4D7F200CF8EB3 /* Debug */,
				B4C404782EC4D7F200CF8EB3 /* Release */,
			);
			defaultConfigurationIsVisible = 0;
			defaultConfigurationName = Release;
		};
		B4C404792EC4D7F200CF8EB3 /* Build configuration list for PBXNativeTarget "Smart-Surf-iOS" */ = {
			isa = XCConfigurationList;
			buildConfigurations = (
				B4C4047A2EC4D7F200CF8EB3 /* Debug */,
				B4C4047B2EC4D7F200CF8EB3 /* Release */,
			);
			defaultConfigurationIsVisible = 0;
			defaultConfigurationName = Release;
		};
		B4C4047C2EC4D7F200CF8EB3 /* Build configuration list for PBXNativeTarget "Smart-Surf-iOSTests" */ = {
			isa = XCConfigurationList;
			buildConfigurations = (
				B4C4047D2EC4D7F200CF8EB3 /* Debug */,
				B4C4047E2EC4D7F200CF8EB3 /* Release */,
			);
			defaultConfigurationIsVisible = 0;
			defaultConfigurationName = Release;
		};
		B4C4047F2EC4D7F200CF8EB3 /* Build configuration list for PBXNativeTarget "Smart-Surf-iOSUITests" */ = {
			isa = XCConfigurationList;
			buildConfigurations = (
				B4C404802EC4D7F200CF8EB3 /* Debug */,
				B4C404812EC4D7F200CF8EB3 /* Release */,
			);
			defaultConfigurationIsVisible = 0;
			defaultConfigurationName = Release;
		};
/* End XCConfigurationList section */
	};
	rootObject = B4C4044E2EC4D7F000CF8EB3 /* Project object */;
}
